
Microsoft Visual Studio Solution File, Format Version 12.00
# Visual Studio 14
VisualStudioVersion = 14.0.25420.1
MinimumVisualStudioVersion = 10.0.40219.1
Project("{FAE04EC0-301F-11D3-BF4B-00C04F79EFBC}") = "RecipeBlog", "RecipeBlog\RecipeBlog.csproj", "{70D1EADC-7A56-4A8F-966F-5BF4D99194AD}"
EndProject
Project("{FAE04EC0-301F-11D3-BF4B-00C04F79EFBC}") = "RecipeBlog.Tests", "RecipeBlog.Tests\RecipeBlog.Tests.csproj", "{65851EBF-87EF-4C9A-B91C-4FF393AD0ED8}"
EndProject
Global
	GlobalSection(SolutionConfigurationPlatforms) = preSolution
		Debug|Any CPU = Debug|Any CPU
		Release|Any CPU = Release|Any CPU
	EndGlobalSection
	GlobalSection(ProjectConfigurationPlatforms) = postSolution
		{70D1EADC-7A56-4A8F-966F-5BF4D99194AD}.Debug|Any CPU.ActiveCfg = Debug|Any CPU
		{70D1EADC-7A56-4A8F-966F-5BF4D99194AD}.Debug|Any CPU.Build.0 = Debug|Any CPU
		{70D1EADC-7A56-4A8F-966F-5BF4D99194AD}.Release|Any CPU.ActiveCfg = Release|Any CPU
		{70D1EADC-7A56-4A8F-966F-5BF4D99194AD}.Release|Any CPU.Build.0 = Release|Any CPU
		{65851EBF-87EF-4C9A-B91C-4FF393AD0ED8}.Debug|Any CPU.ActiveCfg = Debug|Any CPU
		{65851EBF-87EF-4C9A-B91C-4FF393AD0ED8}.Debug|Any CPU.Build.0 = Debug|Any CPU
		{65851EBF-87EF-4C9A-B91C-4FF393AD0ED8}.Release|Any CPU.ActiveCfg = Release|Any CPU
		{65851EBF-87EF-4C9A-B91C-4FF393AD0ED8}.Release|Any CPU.Build.0 = Release|Any CPU
	EndGlobalSection
	GlobalSection(SolutionProperties) = preSolution
		HideSolutionNode = FALSE
	EndGlobalSection
EndGlobal
